{
	"name": "@devteks/exit-hook",
	"version": "0.0.1",
	"lockfileVersion": 2,
	"requires": true,
	"packages": {
		"": {
			"name": "@devteks/exit-hook",
			"version": "0.0.1",
			"license": "MIT",
			"dependencies": {
				"@devteks/exit-hook": "*"
			},
			"engines": {
				"node": ">=10"
			},
			"funding": {
				"url": "https://github.com/mosamuhana/exit-hook?sponsor=1"
			}
		},
		"node_modules/@devteks/exit-hook": {
			"version": "0.0.1",
			"resolved": "https://registry.npmjs.org/@devteks/exit-hook/-/exit-hook-0.0.1.tgz",
			"integrity": "sha512-BUW83HMKYFvac9d06rn+HuXgr4hUZUSxk7QLllMMfY9fv1ZnOCwgO8BMqSCouoUXrbxVJpHa7bdcQyKjnJGGdA==",
			"engines": {
				"node": ">=10"
			},
			"funding": {
				"url": "https://github.com/mosamuhana/exit-hook?sponsor=1"
			}
		}
	},
	"dependencies": {
		"@devteks/exit-hook": {
			"version": "0.0.1",
			"resolved": "https://registry.npmjs.org/@devteks/exit-hook/-/exit-hook-0.0.1.tgz",
			"integrity": "sha512-BUW83HMKYFvac9d06rn+HuXgr4hUZUSxk7QLllMMfY9fv1ZnOCwgO8BMqSCouoUXrbxVJpHa7bdcQyKjnJGGdA=="
		}
	}
}
